
Microsoft Visual Studio Solution File, Format Version 12.00
# Visual Studio 15
VisualStudioVersion = 15.0.26730.16
MinimumVisualStudioVersion = 10.0.40219.1
Project("{2150E333-8FDC-42A3-9474-1A3956D46DE8}") = "01UI", "01UI", "{4DC76950-A756-4526-9F32-24F7EF861A9D}"
EndProject
Project("{FAE04EC0-301F-11D3-BF4B-00C04F79EFBC}") = "CRM11.UI", "CRM11.UI\CRM11.UI.csproj", "{35084E71-8FEB-45A4-B1EF-5E8B42059929}"
EndProject
Project("{2150E333-8FDC-42A3-9474-1A3956D46DE8}") = "02Services", "02Services", "{E98FBFCE-3DBA-42BD-9831-AB658C93AC89}"
EndProject
Project("{2150E333-8FDC-42A3-9474-1A3956D46DE8}") = "03Res", "03Res", "{AA068C1F-F570-43FA-BAEA-4AE4A3C1864F}"
EndProject
Project("{2150E333-8FDC-42A3-9474-1A3956D46DE8}") = "04Common", "04Common", "{CA58E29D-FDCE-4E3F-BB59-39ABE3E76895}"
EndProject
Project("{FAE04EC0-301F-11D3-BF4B-00C04F79EFBC}") = "CRM11.MODEL", "CRM11.MODEL\CRM11.MODEL.csproj", "{A2EDD08E-4248-4D67-9281-6736CFAEFDFF}"
EndProject
Project("{FAE04EC0-301F-11D3-BF4B-00C04F79EFBC}") = "CRM11.Respository", "CRM11.Respository\CRM11.Respository.csproj", "{EA26AA53-7D64-43BC-AE7C-7D874DBCADD3}"
EndProject
Project("{FAE04EC0-301F-11D3-BF4B-00C04F79EFBC}") = "CRM11.IRespository", "CRM11.IRespository\CRM11.IRespository.csproj", "{F3701BB4-6292-4D5C-829F-EB513F9B7E9E}"
EndProject
Project("{FAE04EC0-301F-11D3-BF4B-00C04F79EFBC}") = "CRM11.Service", "CRM11.Service\CRM11.Service.csproj", "{DDDE1F0E-CC52-46D8-A007-90A7C78E8453}"
EndProject
Project("{FAE04EC0-301F-11D3-BF4B-00C04F79EFBC}") = "CRM11.IService", "CRM11.IService\CRM11.IService.csproj", "{168C0142-DE43-4854-A2C1-107AFADB89D4}"
EndProject
Project("{FAE04EC0-301F-11D3-BF4B-00C04F79EFBC}") = "CRM11.Utility", "CRM11.Utility\CRM11.Utility.csproj", "{BB359A14-8522-443B-A019-7A9C56EF5DD2}"
EndProject
Project("{2150E333-8FDC-42A3-9474-1A3956D46DE8}") = "00Schemal", "00Schemal", "{97061F2D-150F-4112-B543-468374602345}"
	ProjectSection(SolutionItems) = preProject
		libs\spring-objects-1.3.xsd = libs\spring-objects-1.3.xsd
	EndProjectSection
EndProject
Global
	GlobalSection(SolutionConfigurationPlatforms) = preSolution
		Debug|Any CPU = Debug|Any CPU
		Release|Any CPU = Release|Any CPU
	EndGlobalSection
	GlobalSection(ProjectConfigurationPlatforms) = postSolution
		{35084E71-8FEB-45A4-B1EF-5E8B42059929}.Debug|Any CPU.ActiveCfg = Debug|Any CPU
		{35084E71-8FEB-45A4-B1EF-5E8B42059929}.Debug|Any CPU.Build.0 = Debug|Any CPU
		{35084E71-8FEB-45A4-B1EF-5E8B42059929}.Release|Any CPU.ActiveCfg = Release|Any CPU
		{35084E71-8FEB-45A4-B1EF-5E8B42059929}.Release|Any CPU.Build.0 = Release|Any CPU
		{A2EDD08E-4248-4D67-9281-6736CFAEFDFF}.Debug|Any CPU.ActiveCfg = Debug|Any CPU
		{A2EDD08E-4248-4D67-9281-6736CFAEFDFF}.Debug|Any CPU.Build.0 = Debug|Any CPU
		{A2EDD08E-4248-4D67-9281-6736CFAEFDFF}.Release|Any CPU.ActiveCfg = Release|Any CPU
		{A2EDD08E-4248-4D67-9281-6736CFAEFDFF}.Release|Any CPU.Build.0 = Release|Any CPU
		{EA26AA53-7D64-43BC-AE7C-7D874DBCADD3}.Debug|Any CPU.ActiveCfg = Debug|Any CPU
		{EA26AA53-7D64-43BC-AE7C-7D874DBCADD3}.Debug|Any CPU.Build.0 = Debug|Any CPU
		{EA26AA53-7D64-43BC-AE7C-7D874DBCADD3}.Release|Any CPU.ActiveCfg = Release|Any CPU
		{EA26AA53-7D64-43BC-AE7C-7D874DBCADD3}.Release|Any CPU.Build.0 = Release|Any CPU
		{F3701BB4-6292-4D5C-829F-EB513F9B7E9E}.Debug|Any CPU.ActiveCfg = Debug|Any CPU
		{F3701BB4-6292-4D5C-829F-EB513F9B7E9E}.Debug|Any CPU.Build.0 = Debug|Any CPU
		{F3701BB4-6292-4D5C-829F-EB513F9B7E9E}.Release|Any CPU.ActiveCfg = Release|Any CPU
		{F3701BB4-6292-4D5C-829F-EB513F9B7E9E}.Release|Any CPU.Build.0 = Release|Any CPU
		{DDDE1F0E-CC52-46D8-A007-90A7C78E8453}.Debug|Any CPU.ActiveCfg = Debug|Any CPU
		{DDDE1F0E-CC52-46D8-A007-90A7C78E8453}.Debug|Any CPU.Build.0 = Debug|Any CPU
		{DDDE1F0E-CC52-46D8-A007-90A7C78E8453}.Release|Any CPU.ActiveCfg = Release|Any CPU
		{DDDE1F0E-CC52-46D8-A007-90A7C78E8453}.Release|Any CPU.Build.0 = Release|Any CPU
		{168C0142-DE43-4854-A2C1-107AFADB89D4}.Debug|Any CPU.ActiveCfg = Debug|Any CPU
		{168C0142-DE43-4854-A2C1-107AFADB89D4}.Debug|Any CPU.Build.0 = Debug|Any CPU
		{168C0142-DE43-4854-A2C1-107AFADB89D4}.Release|Any CPU.ActiveCfg = Release|Any CPU
		{168C0142-DE43-4854-A2C1-107AFADB89D4}.Release|Any CPU.Build.0 = Release|Any CPU
		{BB359A14-8522-443B-A019-7A9C56EF5DD2}.Debug|Any CPU.ActiveCfg = Debug|Any CPU
		{BB359A14-8522-443B-A019-7A9C56EF5DD2}.Debug|Any CPU.Build.0 = Debug|Any CPU
		{BB359A14-8522-443B-A019-7A9C56EF5DD2}.Release|Any CPU.ActiveCfg = Release|Any CPU
		{BB359A14-8522-443B-A019-7A9C56EF5DD2}.Release|Any CPU.Build.0 = Release|Any CPU
	EndGlobalSection
	GlobalSection(SolutionProperties) = preSolution
		HideSolutionNode = FALSE
	EndGlobalSection
	GlobalSection(NestedProjects) = preSolution
		{35084E71-8FEB-45A4-B1EF-5E8B42059929} = {4DC76950-A756-4526-9F32-24F7EF861A9D}
		{A2EDD08E-4248-4D67-9281-6736CFAEFDFF} = {CA58E29D-FDCE-4E3F-BB59-39ABE3E76895}
		{EA26AA53-7D64-43BC-AE7C-7D874DBCADD3} = {AA068C1F-F570-43FA-BAEA-4AE4A3C1864F}
		{F3701BB4-6292-4D5C-829F-EB513F9B7E9E} = {AA068C1F-F570-43FA-BAEA-4AE4A3C1864F}
		{DDDE1F0E-CC52-46D8-A007-90A7C78E8453} = {E98FBFCE-3DBA-42BD-9831-AB658C93AC89}
		{168C0142-DE43-4854-A2C1-107AFADB89D4} = {E98FBFCE-3DBA-42BD-9831-AB658C93AC89}
		{BB359A14-8522-443B-A019-7A9C56EF5DD2} = {CA58E29D-FDCE-4E3F-BB59-39ABE3E76895}
	EndGlobalSection
	GlobalSection(ExtensibilityGlobals) = postSolution
		SolutionGuid = {2CD69B66-6BA1-47B0-B077-9628F2B5EE91}
	EndGlobalSection
EndGlobal
